
Microsoft Visual Studio Solution File, Format Version 12.00
# Visual Studio Version 17
VisualStudioVersion = 17.9.34622.214
MinimumVisualStudioVersion = 10.0.40219.1
Project("{9A19103F-16F7-4668-BE54-9A1E7A4F7556}") = "GUI", "DuAn1_Nhom4\GUI.csproj", "{631F557D-4C69-4F95-A1F9-F9A23548EEFF}"
EndProject
Project("{FAE04EC0-301F-11D3-BF4B-00C04F79EFBC}") = "DAL", "DAL\DAL.csproj", "{C6F45AA1-AAC2-45FE-8B01-F3A954C83D06}"
EndProject
Project("{FAE04EC0-301F-11D3-BF4B-00C04F79EFBC}") = "BUS", "BUS\BUS.csproj", "{E3C0EF94-9290-49D7-BF29-5D8891582E8D}"
EndProject
Global
	GlobalSection(SolutionConfigurationPlatforms) = preSolution
		Debug|Any CPU = Debug|Any CPU
		Release|Any CPU = Release|Any CPU
	EndGlobalSection
	GlobalSection(ProjectConfigurationPlatforms) = postSolution
		{631F557D-4C69-4F95-A1F9-F9A23548EEFF}.Debug|Any CPU.ActiveCfg = Debug|Any CPU
		{631F557D-4C69-4F95-A1F9-F9A23548EEFF}.Debug|Any CPU.Build.0 = Debug|Any CPU
		{631F557D-4C69-4F95-A1F9-F9A23548EEFF}.Release|Any CPU.ActiveCfg = Release|Any CPU
		{631F557D-4C69-4F95-A1F9-F9A23548EEFF}.Release|Any CPU.Build.0 = Release|Any CPU
		{C6F45AA1-AAC2-45FE-8B01-F3A954C83D06}.Debug|Any CPU.ActiveCfg = Debug|Any CPU
		{C6F45AA1-AAC2-45FE-8B01-F3A954C83D06}.Debug|Any CPU.Build.0 = Debug|Any CPU
		{C6F45AA1-AAC2-45FE-8B01-F3A954C83D06}.Release|Any CPU.ActiveCfg = Release|Any CPU
		{C6F45AA1-AAC2-45FE-8B01-F3A954C83D06}.Release|Any CPU.Build.0 = Release|Any CPU
		{E3C0EF94-9290-49D7-BF29-5D8891582E8D}.Debug|Any CPU.ActiveCfg = Debug|Any CPU
		{E3C0EF94-9290-49D7-BF29-5D8891582E8D}.Debug|Any CPU.Build.0 = Debug|Any CPU
		{E3C0EF94-9290-49D7-BF29-5D8891582E8D}.Release|Any CPU.ActiveCfg = Release|Any CPU
		{E3C0EF94-9290-49D7-BF29-5D8891582E8D}.Release|Any CPU.Build.0 = Release|Any CPU
	EndGlobalSection
	GlobalSection(SolutionProperties) = preSolution
		HideSolutionNode = FALSE
	EndGlobalSection
	GlobalSection(ExtensibilityGlobals) = postSolution
		SolutionGuid = {2F6095F3-8008-4691-88D7-2219970AC6CD}
	EndGlobalSection
EndGlobal

